
Microsoft Visual Studio Solution File, Format Version 12.00
# Visual Studio Version 17
VisualStudioVersion = 17.5.33530.505
MinimumVisualStudioVersion = 10.0.40219.1
Project("{2150E333-8FDC-42A3-9474-1A3956D46DE8}") = "Src", "Src", "{782D80A7-5055-4E9F-919B-F2487CBDA619}"
EndProject
Project("{2150E333-8FDC-42A3-9474-1A3956D46DE8}") = "Tests", "Tests", "{9DF3D475-FAED-40F0-95DC-DEEAEF187C4D}"
EndProject
Project("{2150E333-8FDC-42A3-9474-1A3956D46DE8}") = "Doc", "Doc", "{2E045099-B5CB-4364-94BC-B44F48467FEE}"
	ProjectSection(SolutionItems) = preProject
		C:\Users\ArashKaf\Desktop\CleanArc.jpg = C:\Users\ArashKaf\Desktop\CleanArc.jpg
		UseCasesForServices.txt = UseCasesForServices.txt
	EndProjectSection
EndProject
Project("{2150E333-8FDC-42A3-9474-1A3956D46DE8}") = "Core", "Core", "{AC8CB571-E350-431E-B1FE-CCE821603230}"
EndProject
Project("{2150E333-8FDC-42A3-9474-1A3956D46DE8}") = "Presentation", "Presentation", "{7E555947-FF8D-41B3-9E05-53A603852580}"
EndProject
Project("{2150E333-8FDC-42A3-9474-1A3956D46DE8}") = "Infrastractures", "Infrastractures", "{CA9F2F7D-C8D2-412C-9B39-4B8A92D49B73}"
EndProject
Project("{9A19103F-16F7-4668-BE54-9A1E7A4F7556}") = "Domin", "Domin\Domin.csproj", "{0A3BB412-60FE-4A94-8964-83D70732689D}"
EndProject
Project("{9A19103F-16F7-4668-BE54-9A1E7A4F7556}") = "Application", "Application\Application.csproj", "{9D6685B0-DE98-4987-ACBD-A5E2D7557688}"
EndProject
Project("{9A19103F-16F7-4668-BE54-9A1E7A4F7556}") = "Persistence", "Persistence\Persistence.csproj", "{764FE790-1CF1-4133-9428-84EBE2739A37}"
EndProject
Project("{9A19103F-16F7-4668-BE54-9A1E7A4F7556}") = "Infrustracture", "Infrustracture\Infrustracture.csproj", "{7966011D-949F-43C2-B8BE-3BD7AD5041B2}"
EndProject
Project("{9A19103F-16F7-4668-BE54-9A1E7A4F7556}") = "WebSite.EndPoint", "WebSite.EndPoint\WebSite.EndPoint.csproj", "{2D83FD27-F9F4-41F6-B2B5-1BB1F29A7209}"
EndProject
Project("{2150E333-8FDC-42A3-9474-1A3956D46DE8}") = "Commons", "Commons", "{0339CB68-9924-4C4A-9272-97F544478CB5}"
EndProject
Project("{FAE04EC0-301F-11D3-BF4B-00C04F79EFBC}") = "Common", "Common\Common.csproj", "{6DD117E1-CBD0-490F-87D9-A332E9748E2E}"
EndProject
Global
	GlobalSection(SolutionConfigurationPlatforms) = preSolution
		Debug|Any CPU = Debug|Any CPU
		Release|Any CPU = Release|Any CPU
	EndGlobalSection
	GlobalSection(ProjectConfigurationPlatforms) = postSolution
		{0A3BB412-60FE-4A94-8964-83D70732689D}.Debug|Any CPU.ActiveCfg = Debug|Any CPU
		{0A3BB412-60FE-4A94-8964-83D70732689D}.Debug|Any CPU.Build.0 = Debug|Any CPU
		{0A3BB412-60FE-4A94-8964-83D70732689D}.Release|Any CPU.ActiveCfg = Release|Any CPU
		{0A3BB412-60FE-4A94-8964-83D70732689D}.Release|Any CPU.Build.0 = Release|Any CPU
		{9D6685B0-DE98-4987-ACBD-A5E2D7557688}.Debug|Any CPU.ActiveCfg = Debug|Any CPU
		{9D6685B0-DE98-4987-ACBD-A5E2D7557688}.Debug|Any CPU.Build.0 = Debug|Any CPU
		{9D6685B0-DE98-4987-ACBD-A5E2D7557688}.Release|Any CPU.ActiveCfg = Release|Any CPU
		{9D6685B0-DE98-4987-ACBD-A5E2D7557688}.Release|Any CPU.Build.0 = Release|Any CPU
		{764FE790-1CF1-4133-9428-84EBE2739A37}.Debug|Any CPU.ActiveCfg = Debug|Any CPU
		{764FE790-1CF1-4133-9428-84EBE2739A37}.Debug|Any CPU.Build.0 = Debug|Any CPU
		{764FE790-1CF1-4133-9428-84EBE2739A37}.Release|Any CPU.ActiveCfg = Release|Any CPU
		{764FE790-1CF1-4133-9428-84EBE2739A37}.Release|Any CPU.Build.0 = Release|Any CPU
		{7966011D-949F-43C2-B8BE-3BD7AD5041B2}.Debug|Any CPU.ActiveCfg = Debug|Any CPU
		{7966011D-949F-43C2-B8BE-3BD7AD5041B2}.Debug|Any CPU.Build.0 = Debug|Any CPU
		{7966011D-949F-43C2-B8BE-3BD7AD5041B2}.Release|Any CPU.ActiveCfg = Release|Any CPU
		{7966011D-949F-43C2-B8BE-3BD7AD5041B2}.Release|Any CPU.Build.0 = Release|Any CPU
		{2D83FD27-F9F4-41F6-B2B5-1BB1F29A7209}.Debug|Any CPU.ActiveCfg = Debug|Any CPU
		{2D83FD27-F9F4-41F6-B2B5-1BB1F29A7209}.Debug|Any CPU.Build.0 = Debug|Any CPU
		{2D83FD27-F9F4-41F6-B2B5-1BB1F29A7209}.Release|Any CPU.ActiveCfg = Release|Any CPU
		{2D83FD27-F9F4-41F6-B2B5-1BB1F29A7209}.Release|Any CPU.Build.0 = Release|Any CPU
		{6DD117E1-CBD0-490F-87D9-A332E9748E2E}.Debug|Any CPU.ActiveCfg = Debug|Any CPU
		{6DD117E1-CBD0-490F-87D9-A332E9748E2E}.Debug|Any CPU.Build.0 = Debug|Any CPU
		{6DD117E1-CBD0-490F-87D9-A332E9748E2E}.Release|Any CPU.ActiveCfg = Release|Any CPU
		{6DD117E1-CBD0-490F-87D9-A332E9748E2E}.Release|Any CPU.Build.0 = Release|Any CPU
	EndGlobalSection
	GlobalSection(SolutionProperties) = preSolution
		HideSolutionNode = FALSE
	EndGlobalSection
	GlobalSection(NestedProjects) = preSolution
		{AC8CB571-E350-431E-B1FE-CCE821603230} = {782D80A7-5055-4E9F-919B-F2487CBDA619}
		{7E555947-FF8D-41B3-9E05-53A603852580} = {782D80A7-5055-4E9F-919B-F2487CBDA619}
		{CA9F2F7D-C8D2-412C-9B39-4B8A92D49B73} = {782D80A7-5055-4E9F-919B-F2487CBDA619}
		{0A3BB412-60FE-4A94-8964-83D70732689D} = {AC8CB571-E350-431E-B1FE-CCE821603230}
		{9D6685B0-DE98-4987-ACBD-A5E2D7557688} = {AC8CB571-E350-431E-B1FE-CCE821603230}
		{764FE790-1CF1-4133-9428-84EBE2739A37} = {CA9F2F7D-C8D2-412C-9B39-4B8A92D49B73}
		{7966011D-949F-43C2-B8BE-3BD7AD5041B2} = {CA9F2F7D-C8D2-412C-9B39-4B8A92D49B73}
		{2D83FD27-F9F4-41F6-B2B5-1BB1F29A7209} = {7E555947-FF8D-41B3-9E05-53A603852580}
		{0339CB68-9924-4C4A-9272-97F544478CB5} = {782D80A7-5055-4E9F-919B-F2487CBDA619}
		{6DD117E1-CBD0-490F-87D9-A332E9748E2E} = {0339CB68-9924-4C4A-9272-97F544478CB5}
	EndGlobalSection
	GlobalSection(ExtensibilityGlobals) = postSolution
		SolutionGuid = {0C5ED497-4A9E-405A-B653-CC70B96AD801}
	EndGlobalSection
EndGlobal
